
Microsoft Visual Studio Solution File, Format Version 12.00
# Visual Studio 15
VisualStudioVersion = 15.0.28307.852
MinimumVisualStudioVersion = 10.0.40219.1
Project("{FAE04EC0-301F-11D3-BF4B-00C04F79EFBC}") = "Progetto info", "Progetto info\Progetto info.csproj", "{5DD1F7A9-9EDB-48E4-8D1D-998C1E35D8DD}"
EndProject
Global
	GlobalSection(SolutionConfigurationPlatforms) = preSolution
		Debug|Any CPU = Debug|Any CPU
		Release|Any CPU = Release|Any CPU
	EndGlobalSection
	GlobalSection(ProjectConfigurationPlatforms) = postSolution
		{5DD1F7A9-9EDB-48E4-8D1D-998C1E35D8DD}.Debug|Any CPU.ActiveCfg = Debug|Any CPU
		{5DD1F7A9-9EDB-48E4-8D1D-998C1E35D8DD}.Debug|Any CPU.Build.0 = Debug|Any CPU
		{5DD1F7A9-9EDB-48E4-8D1D-998C1E35D8DD}.Release|Any CPU.ActiveCfg = Release|Any CPU
		{5DD1F7A9-9EDB-48E4-8D1D-998C1E35D8DD}.Release|Any CPU.Build.0 = Release|Any CPU
	EndGlobalSection
	GlobalSection(SolutionProperties) = preSolution
		HideSolutionNode = FALSE
	EndGlobalSection
	GlobalSection(ExtensibilityGlobals) = postSolution
		SolutionGuid = {13B668EE-3E75-42BE-9998-561249CD202C}
	EndGlobalSection
EndGlobal
