
Microsoft Visual Studio Solution File, Format Version 12.00
# Visual Studio 15
VisualStudioVersion = 15.0.28307.960
MinimumVisualStudioVersion = 10.0.40219.1
Project("{FAE04EC0-301F-11D3-BF4B-00C04F79EFBC}") = "Image-Editor-PCTO", "Image-Editor-PCTO\Image-Editor-PCTO.csproj", "{0BB8BD54-BFC9-41E4-B544-35A6E6C2F8DE}"
EndProject
Project("{9A19103F-16F7-4668-BE54-9A1E7A4F7556}") = "ClassLibrary1", "ClassLibrary1\ClassLibrary1.csproj", "{F8D420C5-8D26-4B85-8B81-9CC8B505383C}"
EndProject
Global
	GlobalSection(SolutionConfigurationPlatforms) = preSolution
		Debug|Any CPU = Debug|Any CPU
		Release|Any CPU = Release|Any CPU
	EndGlobalSection
	GlobalSection(ProjectConfigurationPlatforms) = postSolution
		{0BB8BD54-BFC9-41E4-B544-35A6E6C2F8DE}.Debug|Any CPU.ActiveCfg = Debug|Any CPU
		{0BB8BD54-BFC9-41E4-B544-35A6E6C2F8DE}.Debug|Any CPU.Build.0 = Debug|Any CPU
		{0BB8BD54-BFC9-41E4-B544-35A6E6C2F8DE}.Release|Any CPU.ActiveCfg = Release|Any CPU
		{0BB8BD54-BFC9-41E4-B544-35A6E6C2F8DE}.Release|Any CPU.Build.0 = Release|Any CPU
		{F8D420C5-8D26-4B85-8B81-9CC8B505383C}.Debug|Any CPU.ActiveCfg = Debug|Any CPU
		{F8D420C5-8D26-4B85-8B81-9CC8B505383C}.Debug|Any CPU.Build.0 = Debug|Any CPU
		{F8D420C5-8D26-4B85-8B81-9CC8B505383C}.Release|Any CPU.ActiveCfg = Release|Any CPU
		{F8D420C5-8D26-4B85-8B81-9CC8B505383C}.Release|Any CPU.Build.0 = Release|Any CPU
	EndGlobalSection
	GlobalSection(SolutionProperties) = preSolution
		HideSolutionNode = FALSE
	EndGlobalSection
	GlobalSection(ExtensibilityGlobals) = postSolution
		SolutionGuid = {4D9EC4BA-F736-41AB-A16E-F95876541645}
	EndGlobalSection
EndGlobal
